# This file is automatically @generated by Cargo.
# It is not intended for manual editing.
version = 4

[[package]]
name = "lyra-effects"
version = "0.1.0-alpha.1"

[[package]]
name = "lyra-pack"
version = "0.1.0-alpha.1"

[[package]]
name = "lyra-project"
version = "0.1.0-alpha.1"

[[package]]
name = "lyra-registry"
version = "0.1.0-alpha.1"
